
Microsoft Visual Studio Solution File, Format Version 12.00
# Visual Studio 15
VisualStudioVersion = 15.0.28010.2046
MinimumVisualStudioVersion = 10.0.40219.1
Project("{FAE04EC0-301F-11D3-BF4B-00C04F79EFBC}") = "SignalRChat", "SignalRChat\SignalRChat.csproj", "{4AB1CAF8-ED73-46C8-8C9F-4C69C94F7214}"
EndProject
Global
	GlobalSection(SolutionConfigurationPlatforms) = preSolution
		Debug|Any CPU = Debug|Any CPU
		Release|Any CPU = Release|Any CPU
	EndGlobalSection
	GlobalSection(ProjectConfigurationPlatforms) = postSolution
		{4AB1CAF8-ED73-46C8-8C9F-4C69C94F7214}.Debug|Any CPU.ActiveCfg = Debug|Any CPU
		{4AB1CAF8-ED73-46C8-8C9F-4C69C94F7214}.Debug|Any CPU.Build.0 = Debug|Any CPU
		{4AB1CAF8-ED73-46C8-8C9F-4C69C94F7214}.Release|Any CPU.ActiveCfg = Release|Any CPU
		{4AB1CAF8-ED73-46C8-8C9F-4C69C94F7214}.Release|Any CPU.Build.0 = Release|Any CPU
	EndGlobalSection
	GlobalSection(SolutionProperties) = preSolution
		HideSolutionNode = FALSE
	EndGlobalSection
	GlobalSection(ExtensibilityGlobals) = postSolution
		SolutionGuid = {141D32DD-C1F8-4D81-BE43-20A868C0C2FE}
	EndGlobalSection
EndGlobal
